
Microsoft Visual Studio Solution File, Format Version 12.00
# Visual Studio Version 17
VisualStudioVersion = 17.9.34723.18
MinimumVisualStudioVersion = 10.0.40219.1
Project("{FAE04EC0-301F-11D3-BF4B-00C04F79EFBC}") = "課題4", "課題4\課題4.csproj", "{BEC9570B-7D85-49F9-B1B4-56C7D8958107}"
EndProject
Global
	GlobalSection(SolutionConfigurationPlatforms) = preSolution
		Debug|Any CPU = Debug|Any CPU
		Release|Any CPU = Release|Any CPU
	EndGlobalSection
	GlobalSection(ProjectConfigurationPlatforms) = postSolution
		{BEC9570B-7D85-49F9-B1B4-56C7D8958107}.Debug|Any CPU.ActiveCfg = Debug|Any CPU
		{BEC9570B-7D85-49F9-B1B4-56C7D8958107}.Debug|Any CPU.Build.0 = Debug|Any CPU
		{BEC9570B-7D85-49F9-B1B4-56C7D8958107}.Release|Any CPU.ActiveCfg = Release|Any CPU
		{BEC9570B-7D85-49F9-B1B4-56C7D8958107}.Release|Any CPU.Build.0 = Release|Any CPU
	EndGlobalSection
	GlobalSection(SolutionProperties) = preSolution
		HideSolutionNode = FALSE
	EndGlobalSection
	GlobalSection(ExtensibilityGlobals) = postSolution
		SolutionGuid = {893930C1-EF57-43E5-9647-A4F903A07579}
	EndGlobalSection
EndGlobal
