
Microsoft Visual Studio Solution File, Format Version 12.00
# Visual Studio Version 17
VisualStudioVersion = 17.9.34723.18
MinimumVisualStudioVersion = 10.0.40219.1
Project("{FAE04EC0-301F-11D3-BF4B-00C04F79EFBC}") = "複数の変数を使用した計算", "複数の変数を使用した計算\複数の変数を使用した計算.csproj", "{647FCF24-D6DA-469D-A9C4-2404BD032765}"
EndProject
Global
	GlobalSection(SolutionConfigurationPlatforms) = preSolution
		Debug|Any CPU = Debug|Any CPU
		Release|Any CPU = Release|Any CPU
	EndGlobalSection
	GlobalSection(ProjectConfigurationPlatforms) = postSolution
		{647FCF24-D6DA-469D-A9C4-2404BD032765}.Debug|Any CPU.ActiveCfg = Debug|Any CPU
		{647FCF24-D6DA-469D-A9C4-2404BD032765}.Debug|Any CPU.Build.0 = Debug|Any CPU
		{647FCF24-D6DA-469D-A9C4-2404BD032765}.Release|Any CPU.ActiveCfg = Release|Any CPU
		{647FCF24-D6DA-469D-A9C4-2404BD032765}.Release|Any CPU.Build.0 = Release|Any CPU
	EndGlobalSection
	GlobalSection(SolutionProperties) = preSolution
		HideSolutionNode = FALSE
	EndGlobalSection
	GlobalSection(ExtensibilityGlobals) = postSolution
		SolutionGuid = {9A840CAD-EAAC-475A-A39B-EEEADC862F7D}
	EndGlobalSection
EndGlobal
