
Microsoft Visual Studio Solution File, Format Version 12.00
# Visual Studio Version 17
VisualStudioVersion = 17.9.34723.18
MinimumVisualStudioVersion = 10.0.40219.1
Project("{FAE04EC0-301F-11D3-BF4B-00C04F79EFBC}") = "⽂字列配列の 逆順での 出⼒", "⽂字列配列の 逆順での 出⼒\⽂字列配列の 逆順での 出⼒.csproj", "{D8EE8681-AFAA-4F71-A266-6FE968774C3D}"
EndProject
Global
	GlobalSection(SolutionConfigurationPlatforms) = preSolution
		Debug|Any CPU = Debug|Any CPU
		Release|Any CPU = Release|Any CPU
	EndGlobalSection
	GlobalSection(ProjectConfigurationPlatforms) = postSolution
		{D8EE8681-AFAA-4F71-A266-6FE968774C3D}.Debug|Any CPU.ActiveCfg = Debug|Any CPU
		{D8EE8681-AFAA-4F71-A266-6FE968774C3D}.Debug|Any CPU.Build.0 = Debug|Any CPU
		{D8EE8681-AFAA-4F71-A266-6FE968774C3D}.Release|Any CPU.ActiveCfg = Release|Any CPU
		{D8EE8681-AFAA-4F71-A266-6FE968774C3D}.Release|Any CPU.Build.0 = Release|Any CPU
	EndGlobalSection
	GlobalSection(SolutionProperties) = preSolution
		HideSolutionNode = FALSE
	EndGlobalSection
	GlobalSection(ExtensibilityGlobals) = postSolution
		SolutionGuid = {73C5F602-92D3-4686-867F-F9ACC69D4C8E}
	EndGlobalSection
EndGlobal
