
Microsoft Visual Studio Solution File, Format Version 12.00
# Visual Studio Version 17
VisualStudioVersion = 17.9.34723.18
MinimumVisualStudioVersion = 10.0.40219.1
Project("{FAE04EC0-301F-11D3-BF4B-00C04F79EFBC}") = "WinFormsApp1", "WinFormsApp1\WinFormsApp1.csproj", "{62615878-C2C1-4963-9FD6-5C010C68DE1B}"
EndProject
Global
	GlobalSection(SolutionConfigurationPlatforms) = preSolution
		Debug|Any CPU = Debug|Any CPU
		Release|Any CPU = Release|Any CPU
	EndGlobalSection
	GlobalSection(ProjectConfigurationPlatforms) = postSolution
		{62615878-C2C1-4963-9FD6-5C010C68DE1B}.Debug|Any CPU.ActiveCfg = Debug|Any CPU
		{62615878-C2C1-4963-9FD6-5C010C68DE1B}.Debug|Any CPU.Build.0 = Debug|Any CPU
		{62615878-C2C1-4963-9FD6-5C010C68DE1B}.Release|Any CPU.ActiveCfg = Release|Any CPU
		{62615878-C2C1-4963-9FD6-5C010C68DE1B}.Release|Any CPU.Build.0 = Release|Any CPU
	EndGlobalSection
	GlobalSection(SolutionProperties) = preSolution
		HideSolutionNode = FALSE
	EndGlobalSection
	GlobalSection(ExtensibilityGlobals) = postSolution
		SolutionGuid = {80F99784-C112-46CE-9FA3-0A91B9157C9E}
	EndGlobalSection
EndGlobal
