
Microsoft Visual Studio Solution File, Format Version 12.00
# Visual Studio Version 17
VisualStudioVersion = 17.9.34723.18
MinimumVisualStudioVersion = 10.0.40219.1
Project("{FAE04EC0-301F-11D3-BF4B-00C04F79EFBC}") = "課題1", "課題1\課題1.csproj", "{AE6C955E-9A58-48A4-A7B5-225DA3B1A7CC}"
EndProject
Global
	GlobalSection(SolutionConfigurationPlatforms) = preSolution
		Debug|Any CPU = Debug|Any CPU
		Release|Any CPU = Release|Any CPU
	EndGlobalSection
	GlobalSection(ProjectConfigurationPlatforms) = postSolution
		{AE6C955E-9A58-48A4-A7B5-225DA3B1A7CC}.Debug|Any CPU.ActiveCfg = Debug|Any CPU
		{AE6C955E-9A58-48A4-A7B5-225DA3B1A7CC}.Debug|Any CPU.Build.0 = Debug|Any CPU
		{AE6C955E-9A58-48A4-A7B5-225DA3B1A7CC}.Release|Any CPU.ActiveCfg = Release|Any CPU
		{AE6C955E-9A58-48A4-A7B5-225DA3B1A7CC}.Release|Any CPU.Build.0 = Release|Any CPU
	EndGlobalSection
	GlobalSection(SolutionProperties) = preSolution
		HideSolutionNode = FALSE
	EndGlobalSection
	GlobalSection(ExtensibilityGlobals) = postSolution
		SolutionGuid = {89F6ED18-E358-440B-89EC-D9F36809CA4F}
	EndGlobalSection
EndGlobal
