
Microsoft Visual Studio Solution File, Format Version 12.00
# Visual Studio Version 17
VisualStudioVersion = 17.9.34723.18
MinimumVisualStudioVersion = 10.0.40219.1
Project("{FAE04EC0-301F-11D3-BF4B-00C04F79EFBC}") = "単純なif分", "単純なif分\単純なif分.csproj", "{3899A569-504D-49E6-889E-E57BD10FF42B}"
EndProject
Global
	GlobalSection(SolutionConfigurationPlatforms) = preSolution
		Debug|Any CPU = Debug|Any CPU
		Release|Any CPU = Release|Any CPU
	EndGlobalSection
	GlobalSection(ProjectConfigurationPlatforms) = postSolution
		{3899A569-504D-49E6-889E-E57BD10FF42B}.Debug|Any CPU.ActiveCfg = Debug|Any CPU
		{3899A569-504D-49E6-889E-E57BD10FF42B}.Debug|Any CPU.Build.0 = Debug|Any CPU
		{3899A569-504D-49E6-889E-E57BD10FF42B}.Release|Any CPU.ActiveCfg = Release|Any CPU
		{3899A569-504D-49E6-889E-E57BD10FF42B}.Release|Any CPU.Build.0 = Release|Any CPU
	EndGlobalSection
	GlobalSection(SolutionProperties) = preSolution
		HideSolutionNode = FALSE
	EndGlobalSection
	GlobalSection(ExtensibilityGlobals) = postSolution
		SolutionGuid = {A3E83642-9609-4CA5-9B0D-F969BA0C637D}
	EndGlobalSection
EndGlobal
