
Microsoft Visual Studio Solution File, Format Version 12.00
# Visual Studio Version 17
VisualStudioVersion = 17.9.34723.18
MinimumVisualStudioVersion = 10.0.40219.1
Project("{FAE04EC0-301F-11D3-BF4B-00C04F79EFBC}") = "課題6", "課題6\課題6.csproj", "{9815D3AB-9B8C-4BD4-8617-E62666992177}"
EndProject
Global
	GlobalSection(SolutionConfigurationPlatforms) = preSolution
		Debug|Any CPU = Debug|Any CPU
		Release|Any CPU = Release|Any CPU
	EndGlobalSection
	GlobalSection(ProjectConfigurationPlatforms) = postSolution
		{9815D3AB-9B8C-4BD4-8617-E62666992177}.Debug|Any CPU.ActiveCfg = Debug|Any CPU
		{9815D3AB-9B8C-4BD4-8617-E62666992177}.Debug|Any CPU.Build.0 = Debug|Any CPU
		{9815D3AB-9B8C-4BD4-8617-E62666992177}.Release|Any CPU.ActiveCfg = Release|Any CPU
		{9815D3AB-9B8C-4BD4-8617-E62666992177}.Release|Any CPU.Build.0 = Release|Any CPU
	EndGlobalSection
	GlobalSection(SolutionProperties) = preSolution
		HideSolutionNode = FALSE
	EndGlobalSection
	GlobalSection(ExtensibilityGlobals) = postSolution
		SolutionGuid = {FEF4AACD-EFCA-4CB7-8ACC-02AABECDB0D1}
	EndGlobalSection
EndGlobal
