
Microsoft Visual Studio Solution File, Format Version 12.00
# Visual Studio Version 17
VisualStudioVersion = 17.9.34723.18
MinimumVisualStudioVersion = 10.0.40219.1
Project("{FAE04EC0-301F-11D3-BF4B-00C04F79EFBC}") = "課題5", "課題5\課題5.csproj", "{CCB6F54C-2233-4DB6-AE43-FEDC132ED65E}"
EndProject
Global
	GlobalSection(SolutionConfigurationPlatforms) = preSolution
		Debug|Any CPU = Debug|Any CPU
		Release|Any CPU = Release|Any CPU
	EndGlobalSection
	GlobalSection(ProjectConfigurationPlatforms) = postSolution
		{CCB6F54C-2233-4DB6-AE43-FEDC132ED65E}.Debug|Any CPU.ActiveCfg = Debug|Any CPU
		{CCB6F54C-2233-4DB6-AE43-FEDC132ED65E}.Debug|Any CPU.Build.0 = Debug|Any CPU
		{CCB6F54C-2233-4DB6-AE43-FEDC132ED65E}.Release|Any CPU.ActiveCfg = Release|Any CPU
		{CCB6F54C-2233-4DB6-AE43-FEDC132ED65E}.Release|Any CPU.Build.0 = Release|Any CPU
	EndGlobalSection
	GlobalSection(SolutionProperties) = preSolution
		HideSolutionNode = FALSE
	EndGlobalSection
	GlobalSection(ExtensibilityGlobals) = postSolution
		SolutionGuid = {805D3B7C-FE93-4671-9AB2-FE50A1591F44}
	EndGlobalSection
EndGlobal
