
Microsoft Visual Studio Solution File, Format Version 12.00
# Visual Studio Version 17
VisualStudioVersion = 17.9.34723.18
MinimumVisualStudioVersion = 10.0.40219.1
Project("{FAE04EC0-301F-11D3-BF4B-00C04F79EFBC}") = "課題8", "課題8\課題8.csproj", "{D68AAB29-1BFA-47E3-89CB-F53C93A232DA}"
EndProject
Global
	GlobalSection(SolutionConfigurationPlatforms) = preSolution
		Debug|Any CPU = Debug|Any CPU
		Release|Any CPU = Release|Any CPU
	EndGlobalSection
	GlobalSection(ProjectConfigurationPlatforms) = postSolution
		{D68AAB29-1BFA-47E3-89CB-F53C93A232DA}.Debug|Any CPU.ActiveCfg = Debug|Any CPU
		{D68AAB29-1BFA-47E3-89CB-F53C93A232DA}.Debug|Any CPU.Build.0 = Debug|Any CPU
		{D68AAB29-1BFA-47E3-89CB-F53C93A232DA}.Release|Any CPU.ActiveCfg = Release|Any CPU
		{D68AAB29-1BFA-47E3-89CB-F53C93A232DA}.Release|Any CPU.Build.0 = Release|Any CPU
	EndGlobalSection
	GlobalSection(SolutionProperties) = preSolution
		HideSolutionNode = FALSE
	EndGlobalSection
	GlobalSection(ExtensibilityGlobals) = postSolution
		SolutionGuid = {F8AC6784-2B17-4F5E-9C05-ED44CC8F5A28}
	EndGlobalSection
EndGlobal
