
Microsoft Visual Studio Solution File, Format Version 12.00
# Visual Studio Version 17
VisualStudioVersion = 17.9.34723.18
MinimumVisualStudioVersion = 10.0.40219.1
Project("{FAE04EC0-301F-11D3-BF4B-00C04F79EFBC}") = "レジスター", "レジスター\レジスター.csproj", "{1C5B7549-580F-4B94-A5D7-A3F804DD0202}"
EndProject
Global
	GlobalSection(SolutionConfigurationPlatforms) = preSolution
		Debug|Any CPU = Debug|Any CPU
		Release|Any CPU = Release|Any CPU
	EndGlobalSection
	GlobalSection(ProjectConfigurationPlatforms) = postSolution
		{1C5B7549-580F-4B94-A5D7-A3F804DD0202}.Debug|Any CPU.ActiveCfg = Debug|Any CPU
		{1C5B7549-580F-4B94-A5D7-A3F804DD0202}.Debug|Any CPU.Build.0 = Debug|Any CPU
		{1C5B7549-580F-4B94-A5D7-A3F804DD0202}.Release|Any CPU.ActiveCfg = Release|Any CPU
		{1C5B7549-580F-4B94-A5D7-A3F804DD0202}.Release|Any CPU.Build.0 = Release|Any CPU
	EndGlobalSection
	GlobalSection(SolutionProperties) = preSolution
		HideSolutionNode = FALSE
	EndGlobalSection
	GlobalSection(ExtensibilityGlobals) = postSolution
		SolutionGuid = {2F902D91-4CA4-421E-840B-71256BCEF660}
	EndGlobalSection
EndGlobal
