
Microsoft Visual Studio Solution File, Format Version 12.00
# Visual Studio Version 17
VisualStudioVersion = 17.9.34723.18
MinimumVisualStudioVersion = 10.0.40219.1
Project("{FAE04EC0-301F-11D3-BF4B-00C04F79EFBC}") = "ファイルの内容を別のファイルにコピー", "ファイルの内容を別のファイルにコピー\ファイルの内容を別のファイルにコピー.csproj", "{B035AB17-6E68-4B59-A86A-B394BDA252CC}"
EndProject
Global
	GlobalSection(SolutionConfigurationPlatforms) = preSolution
		Debug|Any CPU = Debug|Any CPU
		Release|Any CPU = Release|Any CPU
	EndGlobalSection
	GlobalSection(ProjectConfigurationPlatforms) = postSolution
		{B035AB17-6E68-4B59-A86A-B394BDA252CC}.Debug|Any CPU.ActiveCfg = Debug|Any CPU
		{B035AB17-6E68-4B59-A86A-B394BDA252CC}.Debug|Any CPU.Build.0 = Debug|Any CPU
		{B035AB17-6E68-4B59-A86A-B394BDA252CC}.Release|Any CPU.ActiveCfg = Release|Any CPU
		{B035AB17-6E68-4B59-A86A-B394BDA252CC}.Release|Any CPU.Build.0 = Release|Any CPU
	EndGlobalSection
	GlobalSection(SolutionProperties) = preSolution
		HideSolutionNode = FALSE
	EndGlobalSection
	GlobalSection(ExtensibilityGlobals) = postSolution
		SolutionGuid = {2EC60CB4-A85D-454A-88A8-41CBEAA26441}
	EndGlobalSection
EndGlobal
