
Microsoft Visual Studio Solution File, Format Version 12.00
# Visual Studio Version 17
VisualStudioVersion = 17.9.34723.18
MinimumVisualStudioVersion = 10.0.40219.1
Project("{FAE04EC0-301F-11D3-BF4B-00C04F79EFBC}") = "文字列と整数の結合", "文字列と整数の結合\文字列と整数の結合.csproj", "{337EDBF1-07A8-444F-AC5D-C57ACF66324B}"
EndProject
Global
	GlobalSection(SolutionConfigurationPlatforms) = preSolution
		Debug|Any CPU = Debug|Any CPU
		Release|Any CPU = Release|Any CPU
	EndGlobalSection
	GlobalSection(ProjectConfigurationPlatforms) = postSolution
		{337EDBF1-07A8-444F-AC5D-C57ACF66324B}.Debug|Any CPU.ActiveCfg = Debug|Any CPU
		{337EDBF1-07A8-444F-AC5D-C57ACF66324B}.Debug|Any CPU.Build.0 = Debug|Any CPU
		{337EDBF1-07A8-444F-AC5D-C57ACF66324B}.Release|Any CPU.ActiveCfg = Release|Any CPU
		{337EDBF1-07A8-444F-AC5D-C57ACF66324B}.Release|Any CPU.Build.0 = Release|Any CPU
	EndGlobalSection
	GlobalSection(SolutionProperties) = preSolution
		HideSolutionNode = FALSE
	EndGlobalSection
	GlobalSection(ExtensibilityGlobals) = postSolution
		SolutionGuid = {73A587F7-D8A3-420A-911B-34A8BE189A31}
	EndGlobalSection
EndGlobal
