
Microsoft Visual Studio Solution File, Format Version 12.00
# Visual Studio Version 17
VisualStudioVersion = 17.9.34723.18
MinimumVisualStudioVersion = 10.0.40219.1
Project("{FAE04EC0-301F-11D3-BF4B-00C04F79EFBC}") = "if-else分", "if-else分\if-else分.csproj", "{5E6E54B8-EBFE-4962-8D44-5E220523D9B5}"
EndProject
Global
	GlobalSection(SolutionConfigurationPlatforms) = preSolution
		Debug|Any CPU = Debug|Any CPU
		Release|Any CPU = Release|Any CPU
	EndGlobalSection
	GlobalSection(ProjectConfigurationPlatforms) = postSolution
		{5E6E54B8-EBFE-4962-8D44-5E220523D9B5}.Debug|Any CPU.ActiveCfg = Debug|Any CPU
		{5E6E54B8-EBFE-4962-8D44-5E220523D9B5}.Debug|Any CPU.Build.0 = Debug|Any CPU
		{5E6E54B8-EBFE-4962-8D44-5E220523D9B5}.Release|Any CPU.ActiveCfg = Release|Any CPU
		{5E6E54B8-EBFE-4962-8D44-5E220523D9B5}.Release|Any CPU.Build.0 = Release|Any CPU
	EndGlobalSection
	GlobalSection(SolutionProperties) = preSolution
		HideSolutionNode = FALSE
	EndGlobalSection
	GlobalSection(ExtensibilityGlobals) = postSolution
		SolutionGuid = {B84AD172-7506-4B9F-A28D-218C1C88A963}
	EndGlobalSection
EndGlobal
