
Microsoft Visual Studio Solution File, Format Version 12.00
# Visual Studio Version 17
VisualStudioVersion = 17.9.34723.18
MinimumVisualStudioVersion = 10.0.40219.1
Project("{FAE04EC0-301F-11D3-BF4B-00C04F79EFBC}") = "入力されたデータの足し算", "入力されたデータの足し算\入力されたデータの足し算.csproj", "{2C140010-EBBC-432C-BC89-5895A815B4BA}"
EndProject
Global
	GlobalSection(SolutionConfigurationPlatforms) = preSolution
		Debug|Any CPU = Debug|Any CPU
		Release|Any CPU = Release|Any CPU
	EndGlobalSection
	GlobalSection(ProjectConfigurationPlatforms) = postSolution
		{2C140010-EBBC-432C-BC89-5895A815B4BA}.Debug|Any CPU.ActiveCfg = Debug|Any CPU
		{2C140010-EBBC-432C-BC89-5895A815B4BA}.Debug|Any CPU.Build.0 = Debug|Any CPU
		{2C140010-EBBC-432C-BC89-5895A815B4BA}.Release|Any CPU.ActiveCfg = Release|Any CPU
		{2C140010-EBBC-432C-BC89-5895A815B4BA}.Release|Any CPU.Build.0 = Release|Any CPU
	EndGlobalSection
	GlobalSection(SolutionProperties) = preSolution
		HideSolutionNode = FALSE
	EndGlobalSection
	GlobalSection(ExtensibilityGlobals) = postSolution
		SolutionGuid = {BF633B20-F8F9-4871-B2D0-198AD98E67F5}
	EndGlobalSection
EndGlobal
