
Microsoft Visual Studio Solution File, Format Version 12.00
# Visual Studio Version 17
VisualStudioVersion = 17.9.34723.18
MinimumVisualStudioVersion = 10.0.40219.1
Project("{FAE04EC0-301F-11D3-BF4B-00C04F79EFBC}") = "既存のテキストファイルへの追記", "既存のテキストファイルへの追記\既存のテキストファイルへの追記.csproj", "{752CBAF2-426E-4653-9CF2-79DECC800C9D}"
EndProject
Global
	GlobalSection(SolutionConfigurationPlatforms) = preSolution
		Debug|Any CPU = Debug|Any CPU
		Release|Any CPU = Release|Any CPU
	EndGlobalSection
	GlobalSection(ProjectConfigurationPlatforms) = postSolution
		{752CBAF2-426E-4653-9CF2-79DECC800C9D}.Debug|Any CPU.ActiveCfg = Debug|Any CPU
		{752CBAF2-426E-4653-9CF2-79DECC800C9D}.Debug|Any CPU.Build.0 = Debug|Any CPU
		{752CBAF2-426E-4653-9CF2-79DECC800C9D}.Release|Any CPU.ActiveCfg = Release|Any CPU
		{752CBAF2-426E-4653-9CF2-79DECC800C9D}.Release|Any CPU.Build.0 = Release|Any CPU
	EndGlobalSection
	GlobalSection(SolutionProperties) = preSolution
		HideSolutionNode = FALSE
	EndGlobalSection
	GlobalSection(ExtensibilityGlobals) = postSolution
		SolutionGuid = {E68B11B8-433F-437C-9CCD-7C3B72BCBC54}
	EndGlobalSection
EndGlobal
