
Microsoft Visual Studio Solution File, Format Version 12.00
# Visual Studio Version 17
VisualStudioVersion = 17.9.34723.18
MinimumVisualStudioVersion = 10.0.40219.1
Project("{FAE04EC0-301F-11D3-BF4B-00C04F79EFBC}") = "テキストファイルへの⽂字列の書き込み", "テキストファイルへの⽂字列の書き込み\テキストファイルへの⽂字列の書き込み.csproj", "{38370C08-DA70-48A5-B60C-76DA7BB8E454}"
EndProject
Global
	GlobalSection(SolutionConfigurationPlatforms) = preSolution
		Debug|Any CPU = Debug|Any CPU
		Release|Any CPU = Release|Any CPU
	EndGlobalSection
	GlobalSection(ProjectConfigurationPlatforms) = postSolution
		{38370C08-DA70-48A5-B60C-76DA7BB8E454}.Debug|Any CPU.ActiveCfg = Debug|Any CPU
		{38370C08-DA70-48A5-B60C-76DA7BB8E454}.Debug|Any CPU.Build.0 = Debug|Any CPU
		{38370C08-DA70-48A5-B60C-76DA7BB8E454}.Release|Any CPU.ActiveCfg = Release|Any CPU
		{38370C08-DA70-48A5-B60C-76DA7BB8E454}.Release|Any CPU.Build.0 = Release|Any CPU
	EndGlobalSection
	GlobalSection(SolutionProperties) = preSolution
		HideSolutionNode = FALSE
	EndGlobalSection
	GlobalSection(ExtensibilityGlobals) = postSolution
		SolutionGuid = {6E8433AE-24FE-4679-9F4F-78098668E16E}
	EndGlobalSection
EndGlobal
