
Microsoft Visual Studio Solution File, Format Version 12.00
# Visual Studio Version 17
VisualStudioVersion = 17.9.34723.18
MinimumVisualStudioVersion = 10.0.40219.1
Project("{FAE04EC0-301F-11D3-BF4B-00C04F79EFBC}") = "Listの練習", "Listの練習\Listの練習.csproj", "{5C120FE6-FCF9-466B-9C02-9C23B090320E}"
EndProject
Global
	GlobalSection(SolutionConfigurationPlatforms) = preSolution
		Debug|Any CPU = Debug|Any CPU
		Release|Any CPU = Release|Any CPU
	EndGlobalSection
	GlobalSection(ProjectConfigurationPlatforms) = postSolution
		{5C120FE6-FCF9-466B-9C02-9C23B090320E}.Debug|Any CPU.ActiveCfg = Debug|Any CPU
		{5C120FE6-FCF9-466B-9C02-9C23B090320E}.Debug|Any CPU.Build.0 = Debug|Any CPU
		{5C120FE6-FCF9-466B-9C02-9C23B090320E}.Release|Any CPU.ActiveCfg = Release|Any CPU
		{5C120FE6-FCF9-466B-9C02-9C23B090320E}.Release|Any CPU.Build.0 = Release|Any CPU
	EndGlobalSection
	GlobalSection(SolutionProperties) = preSolution
		HideSolutionNode = FALSE
	EndGlobalSection
	GlobalSection(ExtensibilityGlobals) = postSolution
		SolutionGuid = {FFF570E2-9646-4B82-BACB-FF6E29BC171A}
	EndGlobalSection
EndGlobal
