
Microsoft Visual Studio Solution File, Format Version 12.00
# Visual Studio Version 17
VisualStudioVersion = 17.9.34723.18
MinimumVisualStudioVersion = 10.0.40219.1
Project("{FAE04EC0-301F-11D3-BF4B-00C04F79EFBC}") = "配列の 要素の 合計", "配列の 要素の 合計\配列の 要素の 合計.csproj", "{DFA8CC55-13D0-4AA1-8546-42BE634E7DD0}"
EndProject
Global
	GlobalSection(SolutionConfigurationPlatforms) = preSolution
		Debug|Any CPU = Debug|Any CPU
		Release|Any CPU = Release|Any CPU
	EndGlobalSection
	GlobalSection(ProjectConfigurationPlatforms) = postSolution
		{DFA8CC55-13D0-4AA1-8546-42BE634E7DD0}.Debug|Any CPU.ActiveCfg = Debug|Any CPU
		{DFA8CC55-13D0-4AA1-8546-42BE634E7DD0}.Debug|Any CPU.Build.0 = Debug|Any CPU
		{DFA8CC55-13D0-4AA1-8546-42BE634E7DD0}.Release|Any CPU.ActiveCfg = Release|Any CPU
		{DFA8CC55-13D0-4AA1-8546-42BE634E7DD0}.Release|Any CPU.Build.0 = Release|Any CPU
	EndGlobalSection
	GlobalSection(SolutionProperties) = preSolution
		HideSolutionNode = FALSE
	EndGlobalSection
	GlobalSection(ExtensibilityGlobals) = postSolution
		SolutionGuid = {9AC51467-ACC6-444B-AA32-8C89023C6668}
	EndGlobalSection
EndGlobal
